// !$*UTF8*$!
{
	archiveVersion = 1;
	classes = {
	};
	objectVersion = 46;
	objects = {

/* Begin PBXBuildFile section */
		02322BA716FCAC5600044B5F /* SI_Alien.cpp in Sources */ = {isa = PBXBuildFile; fileRef = 02322BA516FCAC5600044B5F /* SI_Alien.cpp */; };
		02DFA5B8170088EC00FC1F51 /* KeyButton.m in Sources */ = {isa = PBXBuildFile; fileRef = 02DFA5B7170088EC00FC1F51 /* KeyButton.m */; };
		02DFA5BB17008B0800FC1F51 /* MainGameViewController.m in Sources */ = {isa = PBXBuildFile; fileRef = 02DFA5BA17008B0800FC1F51 /* MainGameViewController.m */; };
		A18B4BCF16FCA5B7006A17B8 /* UIKit.framework in Frameworks */ = {isa = PBXBuildFile; fileRef = A18B4BCE16FCA5B7006A17B8 /* UIKit.framework */; };
		A18B4BD116FCA5B7006A17B8 /* Foundation.framework in Frameworks */ = {isa = PBXBuildFile; fileRef = A18B4BD016FCA5B7006A17B8 /* Foundation.framework */; };
		A18B4BD316FCA5B7006A17B8 /* CoreGraphics.framework in Frameworks */ = {isa = PBXBuildFile; fileRef = A18B4BD216FCA5B7006A17B8 /* CoreGraphics.framework */; };
		A18B4BD916FCA5B7006A17B8 /* InfoPlist.strings in Resources */ = {isa = PBXBuildFile; fileRef = A18B4BD716FCA5B7006A17B8 /* InfoPlist.strings */; };
		A18B4BDB16FCA5B7006A17B8 /* main.m in Sources */ = {isa = PBXBuildFile; fileRef = A18B4BDA16FCA5B7006A17B8 /* main.m */; };
		A18B4BDF16FCA5B7006A17B8 /* SIAppDelegate.mm in Sources */ = {isa = PBXBuildFile; fileRef = A18B4BDE16FCA5B7006A17B8 /* SIAppDelegate.mm */; };
		A18B4BE216FCA5B8006A17B8 /* MainStoryboard_iPhone.storyboard in Resources */ = {isa = PBXBuildFile; fileRef = A18B4BE016FCA5B7006A17B8 /* MainStoryboard_iPhone.storyboard */; };
		A18B4BE516FCA5B8006A17B8 /* MainStoryboard_iPad.storyboard in Resources */ = {isa = PBXBuildFile; fileRef = A18B4BE316FCA5B8006A17B8 /* MainStoryboard_iPad.storyboard */; };
		A18B4BE816FCA5B8006A17B8 /* SIMenuViewController.mm in Sources */ = {isa = PBXBuildFile; fileRef = A18B4BE716FCA5B8006A17B8 /* SIMenuViewController.mm */; };
/* End PBXBuildFile section */

/* Begin PBXFileReference section */
		02322BA516FCAC5600044B5F /* SI_Alien.cpp */ = {isa = PBXFileReference; fileEncoding = 4; lastKnownFileType = sourcecode.cpp.cpp; name = SI_Alien.cpp; path = StaveInvaders/Aliens/SI_Alien.cpp; sourceTree = SOURCE_ROOT; };
		02322BA616FCAC5600044B5F /* SI_Alien.h */ = {isa = PBXFileReference; fileEncoding = 4; lastKnownFileType = sourcecode.c.h; name = SI_Alien.h; path = StaveInvaders/Aliens/SI_Alien.h; sourceTree = SOURCE_ROOT; };
		02DFA5B6170088EC00FC1F51 /* KeyButton.h */ = {isa = PBXFileReference; fileEncoding = 4; lastKnownFileType = sourcecode.c.h; name = KeyButton.h; path = ../../../../../../../Jerome/Documents/Work/Software/AMTCS/StaveInvaders/StaveInvaders/KeyButton.h; sourceTree = "<group>"; };
		02DFA5B7170088EC00FC1F51 /* KeyButton.m */ = {isa = PBXFileReference; fileEncoding = 4; lastKnownFileType = sourcecode.c.objc; name = KeyButton.m; path = ../../../../../../../Jerome/Documents/Work/Software/AMTCS/StaveInvaders/StaveInvaders/KeyButton.m; sourceTree = "<group>"; };
		02DFA5B917008B0800FC1F51 /* MainGameViewController.h */ = {isa = PBXFileReference; fileEncoding = 4; lastKnownFileType = sourcecode.c.h; name = MainGameViewController.h; path = ../../../../../../../Jerome/Documents/Work/Software/AMTCS/StaveInvaders/StaveInvaders/MainGameScene/MainGameViewController.h; sourceTree = "<group>"; };
		02DFA5BA17008B0800FC1F51 /* MainGameViewController.m */ = {isa = PBXFileReference; fileEncoding = 4; lastKnownFileType = sourcecode.c.objc; name = MainGameViewController.m; path = ../../../../../../../Jerome/Documents/Work/Software/AMTCS/StaveInvaders/StaveInvaders/MainGameScene/MainGameViewController.m; sourceTree = "<group>"; };
		A18B4BCA16FCA5B7006A17B8 /* StaveInvaders.app */ = {isa = PBXFileReference; explicitFileType = wrapper.application; includeInIndex = 0; path = StaveInvaders.app; sourceTree = BUILT_PRODUCTS_DIR; };
		A18B4BCE16FCA5B7006A17B8 /* UIKit.framework */ = {isa = PBXFileReference; lastKnownFileType = wrapper.framework; name = UIKit.framework; path = System/Library/Frameworks/UIKit.framework; sourceTree = SDKROOT; };
		A18B4BD016FCA5B7006A17B8 /* Foundation.framework */ = {isa = PBXFileReference; lastKnownFileType = wrapper.framework; name = Foundation.framework; path = System/Library/Frameworks/Foundation.framework; sourceTree = SDKROOT; };
		A18B4BD216FCA5B7006A17B8 /* CoreGraphics.framework */ = {isa = PBXFileReference; lastKnownFileType = wrapper.framework; name = CoreGraphics.framework; path = System/Library/Frameworks/CoreGraphics.framework; sourceTree = SDKROOT; };
		A18B4BD616FCA5B7006A17B8 /* StaveInvaders-Info.plist */ = {isa = PBXFileReference; lastKnownFileType = text.plist.xml; path = "StaveInvaders-Info.plist"; sourceTree = "<group>"; };
		A18B4BD816FCA5B7006A17B8 /* en */ = {isa = PBXFileReference; lastKnownFileType = text.plist.strings; name = en; path = en.lproj/InfoPlist.strings; sourceTree = "<group>"; };
		A18B4BDA16FCA5B7006A17B8 /* main.m */ = {isa = PBXFileReference; lastKnownFileType = sourcecode.c.objc; path = main.m; sourceTree = "<group>"; };
		A18B4BDC16FCA5B7006A17B8 /* StaveInvaders-Prefix.pch */ = {isa = PBXFileReference; lastKnownFileType = sourcecode.c.h; path = "StaveInvaders-Prefix.pch"; sourceTree = "<group>"; };
		A18B4BDD16FCA5B7006A17B8 /* SIAppDelegate.h */ = {isa = PBXFileReference; lastKnownFileType = sourcecode.c.h; path = SIAppDelegate.h; sourceTree = "<group>"; };
		A18B4BDE16FCA5B7006A17B8 /* SIAppDelegate.mm */ = {isa = PBXFileReference; lastKnownFileType = sourcecode.cpp.objcpp; path = SIAppDelegate.mm; sourceTree = "<group>"; };
		A18B4BE116FCA5B7006A17B8 /* en */ = {isa = PBXFileReference; lastKnownFileType = text.xml; name = en; path = en.lproj/MainStoryboard_iPhone.storyboard; sourceTree = "<group>"; };
		A18B4BE416FCA5B8006A17B8 /* en */ = {isa = PBXFileReference; lastKnownFileType = text.xml; name = en; path = en.lproj/MainStoryboard_iPad.storyboard; sourceTree = "<group>"; };
		A18B4BE616FCA5B8006A17B8 /* SIMenuViewController.h */ = {isa = PBXFileReference; lastKnownFileType = sourcecode.c.h; path = SIMenuViewController.h; sourceTree = "<group>"; };
		A18B4BE716FCA5B8006A17B8 /* SIMenuViewController.mm */ = {isa = PBXFileReference; lastKnownFileType = sourcecode.cpp.objcpp; path = SIMenuViewController.mm; sourceTree = "<group>"; };
/* End PBXFileReference section */

/* Begin PBXFrameworksBuildPhase section */
		A18B4BC716FCA5B7006A17B8 /* Frameworks */ = {
			isa = PBXFrameworksBuildPhase;
			buildActionMask = 2147483647;
			files = (
				A18B4BCF16FCA5B7006A17B8 /* UIKit.framework in Frameworks */,
				A18B4BD116FCA5B7006A17B8 /* Foundation.framework in Frameworks */,
				A18B4BD316FCA5B7006A17B8 /* CoreGraphics.framework in Frameworks */,
			);
			runOnlyForDeploymentPostprocessing = 0;
		};
/* End PBXFrameworksBuildPhase section */

/* Begin PBXGroup section */
		02322BA216FCABB600044B5F /* Aliens */ = {
			isa = PBXGroup;
			children = (
				02322BA516FCAC5600044B5F /* SI_Alien.cpp */,
				02322BA616FCAC5600044B5F /* SI_Alien.h */,
			);
			name = Aliens;
			sourceTree = "<group>";
		};
		02DFA5BC17008B1200FC1F51 /* MainGameScene */ = {
			isa = PBXGroup;
			children = (
				02DFA5B917008B0800FC1F51 /* MainGameViewController.h */,
				02DFA5BA17008B0800FC1F51 /* MainGameViewController.m */,
			);
			name = MainGameScene;
			sourceTree = "<group>";
		};
		02DFA5BD17008DC500FC1F51 /* Keyboard */ = {
			isa = PBXGroup;
			children = (
				02DFA5B6170088EC00FC1F51 /* KeyButton.h */,
				02DFA5B7170088EC00FC1F51 /* KeyButton.m */,
			);
			name = Keyboard;
			sourceTree = "<group>";
		};
		A18B4BBF16FCA5B7006A17B8 = {
			isa = PBXGroup;
			children = (
				A18B4BD416FCA5B7006A17B8 /* StaveInvaders */,
				A18B4BCD16FCA5B7006A17B8 /* Frameworks */,
				A18B4BCB16FCA5B7006A17B8 /* Products */,
			);
			sourceTree = "<group>";
		};
		A18B4BCB16FCA5B7006A17B8 /* Products */ = {
			isa = PBXGroup;
			children = (
				A18B4BCA16FCA5B7006A17B8 /* StaveInvaders.app */,
			);
			name = Products;
			sourceTree = "<group>";
		};
		A18B4BCD16FCA5B7006A17B8 /* Frameworks */ = {
			isa = PBXGroup;
			children = (
				A18B4BCE16FCA5B7006A17B8 /* UIKit.framework */,
				A18B4BD016FCA5B7006A17B8 /* Foundation.framework */,
				A18B4BD216FCA5B7006A17B8 /* CoreGraphics.framework */,
			);
			name = Frameworks;
			sourceTree = "<group>";
		};
		A18B4BD416FCA5B7006A17B8 /* StaveInvaders */ = {
			isa = PBXGroup;
			children = (
				02DFA5BD17008DC500FC1F51 /* Keyboard */,
				02DFA5BC17008B1200FC1F51 /* MainGameScene */,
				02322BA216FCABB600044B5F /* Aliens */,
				A18B4BDD16FCA5B7006A17B8 /* SIAppDelegate.h */,
				A18B4BDE16FCA5B7006A17B8 /* SIAppDelegate.mm */,
				A18B4BE016FCA5B7006A17B8 /* MainStoryboard_iPhone.storyboard */,
				A18B4BE316FCA5B8006A17B8 /* MainStoryboard_iPad.storyboard */,
				A18B4BE616FCA5B8006A17B8 /* SIMenuViewController.h */,
				A18B4BE716FCA5B8006A17B8 /* SIMenuViewController.mm */,
				A18B4BD516FCA5B7006A17B8 /* Supporting Files */,
			);
			path = StaveInvaders;
			sourceTree = "<group>";
		};
		A18B4BD516FCA5B7006A17B8 /* Supporting Files */ = {
			isa = PBXGroup;
			children = (
				A18B4BD616FCA5B7006A17B8 /* StaveInvaders-Info.plist */,
				A18B4BD716FCA5B7006A17B8 /* InfoPlist.strings */,
				A18B4BDA16FCA5B7006A17B8 /* main.m */,
				A18B4BDC16FCA5B7006A17B8 /* StaveInvaders-Prefix.pch */,
			);
			name = "Supporting Files";
			sourceTree = "<group>";
		};
/* End PBXGroup section */

/* Begin PBXNativeTarget section */
		A18B4BC916FCA5B7006A17B8 /* StaveInvaders */ = {
			isa = PBXNativeTarget;
			buildConfigurationList = A18B4BEB16FCA5B8006A17B8 /* Build configuration list for PBXNativeTarget "StaveInvaders" */;
			buildPhases = (
				A18B4BC616FCA5B7006A17B8 /* Sources */,
				A18B4BC716FCA5B7006A17B8 /* Frameworks */,
				A18B4BC816FCA5B7006A17B8 /* Resources */,
			);
			buildRules = (
			);
			dependencies = (
			);
			name = StaveInvaders;
			productName = StaveInvaders;
			productReference = A18B4BCA16FCA5B7006A17B8 /* StaveInvaders.app */;
			productType = "com.apple.product-type.application";
		};
/* End PBXNativeTarget section */

/* Begin PBXProject section */
		A18B4BC116FCA5B7006A17B8 /* Project object */ = {
			isa = PBXProject;
			attributes = {
				LastUpgradeCheck = 0420;
			};
			buildConfigurationList = A18B4BC416FCA5B7006A17B8 /* Build configuration list for PBXProject "StaveInvaders" */;
			compatibilityVersion = "Xcode 3.2";
			developmentRegion = English;
			hasScannedForEncodings = 0;
			knownRegions = (
				en,
			);
			mainGroup = A18B4BBF16FCA5B7006A17B8;
			productRefGroup = A18B4BCB16FCA5B7006A17B8 /* Products */;
			projectDirPath = "";
			projectRoot = "";
			targets = (
				A18B4BC916FCA5B7006A17B8 /* StaveInvaders */,
			);
		};
/* End PBXProject section */

/* Begin PBXResourcesBuildPhase section */
		A18B4BC816FCA5B7006A17B8 /* Resources */ = {
			isa = PBXResourcesBuildPhase;
			buildActionMask = 2147483647;
			files = (
				A18B4BD916FCA5B7006A17B8 /* InfoPlist.strings in Resources */,
				A18B4BE216FCA5B8006A17B8 /* MainStoryboard_iPhone.storyboard in Resources */,
				A18B4BE516FCA5B8006A17B8 /* MainStoryboard_iPad.storyboard in Resources */,
			);
			runOnlyForDeploymentPostprocessing = 0;
		};
/* End PBXResourcesBuildPhase section */

/* Begin PBXSourcesBuildPhase section */
		A18B4BC616FCA5B7006A17B8 /* Sources */ = {
			isa = PBXSourcesBuildPhase;
			buildActionMask = 2147483647;
			files = (
				A18B4BDB16FCA5B7006A17B8 /* main.m in Sources */,
				A18B4BDF16FCA5B7006A17B8 /* SIAppDelegate.mm in Sources */,
				A18B4BE816FCA5B8006A17B8 /* SIMenuViewController.mm in Sources */,
				02322BA716FCAC5600044B5F /* SI_Alien.cpp in Sources */,
				02DFA5B8170088EC00FC1F51 /* KeyButton.m in Sources */,
				02DFA5BB17008B0800FC1F51 /* MainGameViewController.m in Sources */,
			);
			runOnlyForDeploymentPostprocessing = 0;
		};
/* End PBXSourcesBuildPhase section */

/* Begin PBXVariantGroup section */
		A18B4BD716FCA5B7006A17B8 /* InfoPlist.strings */ = {
			isa = PBXVariantGroup;
			children = (
				A18B4BD816FCA5B7006A17B8 /* en */,
			);
			name = InfoPlist.strings;
			sourceTree = "<group>";
		};
		A18B4BE016FCA5B7006A17B8 /* MainStoryboard_iPhone.storyboard */ = {
			isa = PBXVariantGroup;
			children = (
				A18B4BE116FCA5B7006A17B8 /* en */,
			);
			name = MainStoryboard_iPhone.storyboard;
			sourceTree = "<group>";
		};
		A18B4BE316FCA5B8006A17B8 /* MainStoryboard_iPad.storyboard */ = {
			isa = PBXVariantGroup;
			children = (
				A18B4BE416FCA5B8006A17B8 /* en */,
			);
			name = MainStoryboard_iPad.storyboard;
			sourceTree = "<group>";
		};
/* End PBXVariantGroup section */

/* Begin XCBuildConfiguration section */
		A18B4BE916FCA5B8006A17B8 /* Debug */ = {
			isa = XCBuildConfiguration;
			buildSettings = {
				ALWAYS_SEARCH_USER_PATHS = NO;
				ARCHS = "$(ARCHS_STANDARD_32_BIT)";
				CLANG_ENABLE_OBJC_ARC = YES;
				"CODE_SIGN_IDENTITY[sdk=iphoneos*]" = "iPhone Developer";
				COPY_PHASE_STRIP = NO;
				GCC_C_LANGUAGE_STANDARD = gnu99;
				GCC_DYNAMIC_NO_PIC = NO;
				GCC_OPTIMIZATION_LEVEL = 0;
				GCC_PREPROCESSOR_DEFINITIONS = (
					"DEBUG=1",
					"$(inherited)",
				);
				GCC_SYMBOLS_PRIVATE_EXTERN = NO;
				GCC_VERSION = com.apple.compilers.llvm.clang.1_0;
				GCC_WARN_ABOUT_MISSING_PROTOTYPES = YES;
				GCC_WARN_ABOUT_RETURN_TYPE = YES;
				GCC_WARN_UNUSED_VARIABLE = YES;
				IPHONEOS_DEPLOYMENT_TARGET = 5.0;
				SDKROOT = iphoneos;
				TARGETED_DEVICE_FAMILY = "1,2";
			};
			name = Debug;
		};
		A18B4BEA16FCA5B8006A17B8 /* Release */ = {
			isa = XCBuildConfiguration;
			buildSettings = {
				ALWAYS_SEARCH_USER_PATHS = NO;
				ARCHS = "$(ARCHS_STANDARD_32_BIT)";
				CLANG_ENABLE_OBJC_ARC = YES;
				"CODE_SIGN_IDENTITY[sdk=iphoneos*]" = "iPhone Developer";
				COPY_PHASE_STRIP = YES;
				GCC_C_LANGUAGE_STANDARD = gnu99;
				GCC_VERSION = com.apple.compilers.llvm.clang.1_0;
				GCC_WARN_ABOUT_MISSING_PROTOTYPES = YES;
				GCC_WARN_ABOUT_RETURN_TYPE = YES;
				GCC_WARN_UNUSED_VARIABLE = YES;
				IPHONEOS_DEPLOYMENT_TARGET = 5.0;
				OTHER_CFLAGS = "-DNS_BLOCK_ASSERTIONS=1";
				SDKROOT = iphoneos;
				TARGETED_DEVICE_FAMILY = "1,2";
				VALIDATE_PRODUCT = YES;
			};
			name = Release;
		};
		A18B4BEC16FCA5B8006A17B8 /* Debug */ = {
			isa = XCBuildConfiguration;
			buildSettings = {
				GCC_PRECOMPILE_PREFIX_HEADER = YES;
				GCC_PREFIX_HEADER = "StaveInvaders/StaveInvaders-Prefix.pch";
				INFOPLIST_FILE = "StaveInvaders/StaveInvaders-Info.plist";
				PRODUCT_NAME = "$(TARGET_NAME)";
				WRAPPER_EXTENSION = app;
			};
			name = Debug;
		};
		A18B4BED16FCA5B8006A17B8 /* Release */ = {
			isa = XCBuildConfiguration;
			buildSettings = {
				GCC_PRECOMPILE_PREFIX_HEADER = YES;
				GCC_PREFIX_HEADER = "StaveInvaders/StaveInvaders-Prefix.pch";
				INFOPLIST_FILE = "StaveInvaders/StaveInvaders-Info.plist";
				PRODUCT_NAME = "$(TARGET_NAME)";
				WRAPPER_EXTENSION = app;
			};
			name = Release;
		};
/* End XCBuildConfiguration section */

/* Begin XCConfigurationList section */
		A18B4BC416FCA5B7006A17B8 /* Build configuration list for PBXProject "StaveInvaders" */ = {
			isa = XCConfigurationList;
			buildConfigurations = (
				A18B4BE916FCA5B8006A17B8 /* Debug */,
				A18B4BEA16FCA5B8006A17B8 /* Release */,
			);
			defaultConfigurationIsVisible = 0;
			defaultConfigurationName = Release;
		};
		A18B4BEB16FCA5B8006A17B8 /* Build configuration list for PBXNativeTarget "StaveInvaders" */ = {
			isa = XCConfigurationList;
			buildConfigurations = (
				A18B4BEC16FCA5B8006A17B8 /* Debug */,
				A18B4BED16FCA5B8006A17B8 /* Release */,
			);
			defaultConfigurationIsVisible = 0;
			defaultConfigurationName = Release;
		};
/* End XCConfigurationList section */
	};
	rootObject = A18B4BC116FCA5B7006A17B8 /* Project object */;
}
